// !$*UTF8*$!
{
	archiveVersion = 1;
	classes = {
	};
	objectVersion = 56;
	objects = {

/* Begin PBXBuildFile section */
		874AA83D2A6991E4003A7EA1 /* APITarget.swift in Sources */ = {isa = PBXBuildFile; fileRef = 874AA83C2A6991E4003A7EA1 /* APITarget.swift */; };
		874AA83F2A6993C1003A7EA1 /* NetworkManager.swift in Sources */ = {isa = PBXBuildFile; fileRef = 874AA83E2A6993C1003A7EA1 /* NetworkManager.swift */; };
		874AA8422A69950F003A7EA1 /* CharactersResponseModel.swift in Sources */ = {isa = PBXBuildFile; fileRef = 874AA8412A69950F003A7EA1 /* CharactersResponseModel.swift */; };
		874AA8452A69A03D003A7EA1 /* UIImageView+Extensions.swift in Sources */ = {isa = PBXBuildFile; fileRef = 874AA8442A69A03D003A7EA1 /* UIImageView+Extensions.swift */; };
		874AA8482A6A77A4003A7EA1 /* Model.xcdatamodeld in Sources */ = {isa = PBXBuildFile; fileRef = 874AA8462A6A77A4003A7EA1 /* Model.xcdatamodeld */; };
		874AA84A2A6A799E003A7EA1 /* PersistentContainer.swift in Sources */ = {isa = PBXBuildFile; fileRef = 874AA8492A6A799E003A7EA1 /* PersistentContainer.swift */; };
		874AA8592A6A84BC003A7EA1 /* Character+CoreDataClass.swift in Sources */ = {isa = PBXBuildFile; fileRef = 874AA8572A6A84BC003A7EA1 /* Character+CoreDataClass.swift */; };
		874AA85A2A6A84BC003A7EA1 /* Character+CoreDataProperties.swift in Sources */ = {isa = PBXBuildFile; fileRef = 874AA8582A6A84BC003A7EA1 /* Character+CoreDataProperties.swift */; };
		927DADC42A4F446200A469A3 /* AppDelegate.swift in Sources */ = {isa = PBXBuildFile; fileRef = 927DADC32A4F446200A469A3 /* AppDelegate.swift */; };
		927DADC62A4F446200A469A3 /* SceneDelegate.swift in Sources */ = {isa = PBXBuildFile; fileRef = 927DADC52A4F446200A469A3 /* SceneDelegate.swift */; };
		927DADC82A4F446200A469A3 /* ViewController.swift in Sources */ = {isa = PBXBuildFile; fileRef = 927DADC72A4F446200A469A3 /* ViewController.swift */; };
		927DADCB2A4F446200A469A3 /* Main.storyboard in Resources */ = {isa = PBXBuildFile; fileRef = 927DADC92A4F446200A469A3 /* Main.storyboard */; };
		927DADCD2A4F446400A469A3 /* Assets.xcassets in Resources */ = {isa = PBXBuildFile; fileRef = 927DADCC2A4F446400A469A3 /* Assets.xcassets */; };
		927DADD02A4F446400A469A3 /* LaunchScreen.storyboard in Resources */ = {isa = PBXBuildFile; fileRef = 927DADCE2A4F446400A469A3 /* LaunchScreen.storyboard */; };
		927DADE22A50615A00A469A3 /* CharacterTableViewCell.swift in Sources */ = {isa = PBXBuildFile; fileRef = 927DADE12A50615A00A469A3 /* CharacterTableViewCell.swift */; };
		927DADE42A50893000A469A3 /* ModalViewController.swift in Sources */ = {isa = PBXBuildFile; fileRef = 927DADE32A50893000A469A3 /* ModalViewController.swift */; };
		A5055BD90CDD640B003C553D /* Pods_Lab4.framework in Frameworks */ = {isa = PBXBuildFile; fileRef = 9EFB10FBE0A23BD63A8D61A4 /* Pods_Lab4.framework */; };
/* End PBXBuildFile section */

/* Begin PBXFileReference section */
		02A6AFA0033CF4E20552AE2C /* Pods-Lab4.release.xcconfig */ = {isa = PBXFileReference; includeInIndex = 1; lastKnownFileType = text.xcconfig; name = "Pods-Lab4.release.xcconfig"; path = "Target Support Files/Pods-Lab4/Pods-Lab4.release.xcconfig"; sourceTree = "<group>"; };
		1BD425B1BFCF98B8B7F61EC5 /* Pods-Lab4.debug.xcconfig */ = {isa = PBXFileReference; includeInIndex = 1; lastKnownFileType = text.xcconfig; name = "Pods-Lab4.debug.xcconfig"; path = "Target Support Files/Pods-Lab4/Pods-Lab4.debug.xcconfig"; sourceTree = "<group>"; };
		874AA83C2A6991E4003A7EA1 /* APITarget.swift */ = {isa = PBXFileReference; lastKnownFileType = sourcecode.swift; path = APITarget.swift; sourceTree = "<group>"; };
		874AA83E2A6993C1003A7EA1 /* NetworkManager.swift */ = {isa = PBXFileReference; lastKnownFileType = sourcecode.swift; path = NetworkManager.swift; sourceTree = "<group>"; };
		874AA8412A69950F003A7EA1 /* CharactersResponseModel.swift */ = {isa = PBXFileReference; lastKnownFileType = sourcecode.swift; path = CharactersResponseModel.swift; sourceTree = "<group>"; };
		874AA8442A69A03D003A7EA1 /* UIImageView+Extensions.swift */ = {isa = PBXFileReference; lastKnownFileType = sourcecode.swift; path = "UIImageView+Extensions.swift"; sourceTree = "<group>"; };
		874AA8472A6A77A4003A7EA1 /* Model.xcdatamodel */ = {isa = PBXFileReference; lastKnownFileType = wrapper.xcdatamodel; path = Model.xcdatamodel; sourceTree = "<group>"; };
		874AA8492A6A799E003A7EA1 /* PersistentContainer.swift */ = {isa = PBXFileReference; lastKnownFileType = sourcecode.swift; path = PersistentContainer.swift; sourceTree = "<group>"; };
		874AA8572A6A84BC003A7EA1 /* Character+CoreDataClass.swift */ = {isa = PBXFileReference; lastKnownFileType = sourcecode.swift; path = "Character+CoreDataClass.swift"; sourceTree = "<group>"; };
		874AA8582A6A84BC003A7EA1 /* Character+CoreDataProperties.swift */ = {isa = PBXFileReference; lastKnownFileType = sourcecode.swift; path = "Character+CoreDataProperties.swift"; sourceTree = "<group>"; };
		927DADC02A4F446200A469A3 /* Ankudinova_Shibkova.app */ = {isa = PBXFileReference; explicitFileType = wrapper.application; includeInIndex = 0; path = Ankudinova_Shibkova.app; sourceTree = BUILT_PRODUCTS_DIR; };
		927DADC32A4F446200A469A3 /* AppDelegate.swift */ = {isa = PBXFileReference; lastKnownFileType = sourcecode.swift; path = AppDelegate.swift; sourceTree = "<group>"; };
		927DADC52A4F446200A469A3 /* SceneDelegate.swift */ = {isa = PBXFileReference; lastKnownFileType = sourcecode.swift; path = SceneDelegate.swift; sourceTree = "<group>"; };
		927DADC72A4F446200A469A3 /* ViewController.swift */ = {isa = PBXFileReference; lastKnownFileType = sourcecode.swift; path = ViewController.swift; sourceTree = "<group>"; };
		927DADCA2A4F446200A469A3 /* Base */ = {isa = PBXFileReference; lastKnownFileType = file.storyboard; name = Base; path = Base.lproj/Main.storyboard; sourceTree = "<group>"; };
		927DADCC2A4F446400A469A3 /* Assets.xcassets */ = {isa = PBXFileReference; lastKnownFileType = folder.assetcatalog; path = Assets.xcassets; sourceTree = "<group>"; };
		927DADCF2A4F446400A469A3 /* Base */ = {isa = PBXFileReference; lastKnownFileType = file.storyboard; name = Base; path = Base.lproj/LaunchScreen.storyboard; sourceTree = "<group>"; };
		927DADD12A4F446400A469A3 /* Info.plist */ = {isa = PBXFileReference; lastKnownFileType = text.plist.xml; path = Info.plist; sourceTree = "<group>"; };
		927DADE12A50615A00A469A3 /* CharacterTableViewCell.swift */ = {isa = PBXFileReference; lastKnownFileType = sourcecode.swift; path = CharacterTableViewCell.swift; sourceTree = "<group>"; };
		927DADE32A50893000A469A3 /* ModalViewController.swift */ = {isa = PBXFileReference; lastKnownFileType = sourcecode.swift; path = ModalViewController.swift; sourceTree = "<group>"; };
		9EFB10FBE0A23BD63A8D61A4 /* Pods_Lab4.framework */ = {isa = PBXFileReference; explicitFileType = wrapper.framework; includeInIndex = 0; path = Pods_Lab4.framework; sourceTree = BUILT_PRODUCTS_DIR; };
/* End PBXFileReference section */

/* Begin PBXFrameworksBuildPhase section */
		927DADBD2A4F446200A469A3 /* Frameworks */ = {
			isa = PBXFrameworksBuildPhase;
			buildActionMask = 2147483647;
			files = (
				A5055BD90CDD640B003C553D /* Pods_Lab4.framework in Frameworks */,
			);
			runOnlyForDeploymentPostprocessing = 0;
		};
/* End PBXFrameworksBuildPhase section */

/* Begin PBXGroup section */
		59D78D009B9B6076455E95CD /* Frameworks */ = {
			isa = PBXGroup;
			children = (
				9EFB10FBE0A23BD63A8D61A4 /* Pods_Lab4.framework */,
			);
			name = Frameworks;
			sourceTree = "<group>";
		};
		5AF2325E542EDA053FFEA662 /* Pods */ = {
			isa = PBXGroup;
			children = (
				1BD425B1BFCF98B8B7F61EC5 /* Pods-Lab4.debug.xcconfig */,
				02A6AFA0033CF4E20552AE2C /* Pods-Lab4.release.xcconfig */,
			);
			path = Pods;
			sourceTree = "<group>";
		};
		874AA83B2A6991D1003A7EA1 /* Services */ = {
			isa = PBXGroup;
			children = (
				874AA83C2A6991E4003A7EA1 /* APITarget.swift */,
				874AA83E2A6993C1003A7EA1 /* NetworkManager.swift */,
			);
			path = Services;
			sourceTree = "<group>";
		};
		874AA8402A6994F0003A7EA1 /* ResponseModels */ = {
			isa = PBXGroup;
			children = (
				874AA8412A69950F003A7EA1 /* CharactersResponseModel.swift */,
			);
			path = ResponseModels;
			sourceTree = "<group>";
		};
		874AA8432A69A029003A7EA1 /* Extensions */ = {
			isa = PBXGroup;
			children = (
				874AA8442A69A03D003A7EA1 /* UIImageView+Extensions.swift */,
			);
			path = Extensions;
			sourceTree = "<group>";
		};
		927DADB72A4F446200A469A3 = {
			isa = PBXGroup;
			children = (
				874AA8572A6A84BC003A7EA1 /* Character+CoreDataClass.swift */,
				874AA8582A6A84BC003A7EA1 /* Character+CoreDataProperties.swift */,
				927DADC22A4F446200A469A3 /* Ankudinova_Shibkova */,
				927DADC12A4F446200A469A3 /* Products */,
				5AF2325E542EDA053FFEA662 /* Pods */,
				59D78D009B9B6076455E95CD /* Frameworks */,
			);
			sourceTree = "<group>";
		};
		927DADC12A4F446200A469A3 /* Products */ = {
			isa = PBXGroup;
			children = (
				927DADC02A4F446200A469A3 /* Ankudinova_Shibkova.app */,
			);
			name = Products;
			sourceTree = "<group>";
		};
		927DADC22A4F446200A469A3 /* Ankudinova_Shibkova */ = {
			isa = PBXGroup;
			children = (
				874AA8432A69A029003A7EA1 /* Extensions */,
				874AA8402A6994F0003A7EA1 /* ResponseModels */,
				874AA83B2A6991D1003A7EA1 /* Services */,
				927DADC32A4F446200A469A3 /* AppDelegate.swift */,
				927DADC52A4F446200A469A3 /* SceneDelegate.swift */,
				927DADC72A4F446200A469A3 /* ViewController.swift */,
				927DADC92A4F446200A469A3 /* Main.storyboard */,
				927DADCC2A4F446400A469A3 /* Assets.xcassets */,
				927DADCE2A4F446400A469A3 /* LaunchScreen.storyboard */,
				927DADD12A4F446400A469A3 /* Info.plist */,
				927DADE12A50615A00A469A3 /* CharacterTableViewCell.swift */,
				927DADE32A50893000A469A3 /* ModalViewController.swift */,
				874AA8462A6A77A4003A7EA1 /* Model.xcdatamodeld */,
				874AA8492A6A799E003A7EA1 /* PersistentContainer.swift */,
			);
			path = Ankudinova_Shibkova;
			sourceTree = "<group>";
		};
/* End PBXGroup section */

/* Begin PBXNativeTarget section */
		927DADBF2A4F446200A469A3 /* Ankudinova_Shibkova */ = {
			isa = PBXNativeTarget;
			buildConfigurationList = 927DADD42A4F446400A469A3 /* Build configuration list for PBXNativeTarget "Ankudinova_Shibkova" */;
			buildPhases = (
				89EAB36F15D32DE672353380 /* [CP] Check Pods Manifest.lock */,
				927DADBC2A4F446200A469A3 /* Sources */,
				927DADBD2A4F446200A469A3 /* Frameworks */,
				927DADBE2A4F446200A469A3 /* Resources */,
				6227824C9316FA6DC9D8B8DB /* [CP] Embed Pods Frameworks */,
			);
			buildRules = (
			);
			dependencies = (
			);
			name = Ankudinova_Shibkova;
			productName = Lab4;
			productReference = 927DADC02A4F446200A469A3 /* Ankudinova_Shibkova.app */;
			productType = "com.apple.product-type.application";
		};
/* End PBXNativeTarget section */

/* Begin PBXProject section */
		927DADB82A4F446200A469A3 /* Project object */ = {
			isa = PBXProject;
			attributes = {
				BuildIndependentTargetsInParallel = 1;
				LastSwiftUpdateCheck = 1430;
				LastUpgradeCheck = 1430;
				TargetAttributes = {
					927DADBF2A4F446200A469A3 = {
						CreatedOnToolsVersion = 14.3.1;
					};
				};
			};
			buildConfigurationList = 927DADBB2A4F446200A469A3 /* Build configuration list for PBXProject "Ankudinova_Shibkova" */;
			compatibilityVersion = "Xcode 14.0";
			developmentRegion = en;
			hasScannedForEncodings = 0;
			knownRegions = (
				en,
				Base,
			);
			mainGroup = 927DADB72A4F446200A469A3;
			productRefGroup = 927DADC12A4F446200A469A3 /* Products */;
			projectDirPath = "";
			projectRoot = "";
			targets = (
				927DADBF2A4F446200A469A3 /* Ankudinova_Shibkova */,
			);
		};
/* End PBXProject section */

/* Begin PBXResourcesBuildPhase section */
		927DADBE2A4F446200A469A3 /* Resources */ = {
			isa = PBXResourcesBuildPhase;
			buildActionMask = 2147483647;
			files = (
				927DADD02A4F446400A469A3 /* LaunchScreen.storyboard in Resources */,
				927DADCD2A4F446400A469A3 /* Assets.xcassets in Resources */,
				927DADCB2A4F446200A469A3 /* Main.storyboard in Resources */,
			);
			runOnlyForDeploymentPostprocessing = 0;
		};
/* End PBXResourcesBuildPhase section */

/* Begin PBXShellScriptBuildPhase section */
		6227824C9316FA6DC9D8B8DB /* [CP] Embed Pods Frameworks */ = {
			isa = PBXShellScriptBuildPhase;
			buildActionMask = 2147483647;
			files = (
			);
			inputFileListPaths = (
				"${PODS_ROOT}/Target Support Files/Pods-Lab4/Pods-Lab4-frameworks-${CONFIGURATION}-input-files.xcfilelist",
			);
			name = "[CP] Embed Pods Frameworks";
			outputFileListPaths = (
				"${PODS_ROOT}/Target Support Files/Pods-Lab4/Pods-Lab4-frameworks-${CONFIGURATION}-output-files.xcfilelist",
			);
			runOnlyForDeploymentPostprocessing = 0;
			shellPath = /bin/sh;
			shellScript = "\"${PODS_ROOT}/Target Support Files/Pods-Lab4/Pods-Lab4-frameworks.sh\"\n";
			showEnvVarsInLog = 0;
		};
		89EAB36F15D32DE672353380 /* [CP] Check Pods Manifest.lock */ = {
			isa = PBXShellScriptBuildPhase;
			buildActionMask = 2147483647;
			files = (
			);
			inputFileListPaths = (
			);
			inputPaths = (
				"${PODS_PODFILE_DIR_PATH}/Podfile.lock",
				"${PODS_ROOT}/Manifest.lock",
			);
			name = "[CP] Check Pods Manifest.lock";
			outputFileListPaths = (
			);
			outputPaths = (
				"$(DERIVED_FILE_DIR)/Pods-Lab4-checkManifestLockResult.txt",
			);
			runOnlyForDeploymentPostprocessing = 0;
			shellPath = /bin/sh;
			shellScript = "diff \"${PODS_PODFILE_DIR_PATH}/Podfile.lock\" \"${PODS_ROOT}/Manifest.lock\" > /dev/null\nif [ $? != 0 ] ; then\n    # print error to STDERR\n    echo \"error: The sandbox is not in sync with the Podfile.lock. Run 'pod install' or update your CocoaPods installation.\" >&2\n    exit 1\nfi\n# This output is used by Xcode 'outputs' to avoid re-running this script phase.\necho \"SUCCESS\" > \"${SCRIPT_OUTPUT_FILE_0}\"\n";
			showEnvVarsInLog = 0;
		};
/* End PBXShellScriptBuildPhase section */

/* Begin PBXSourcesBuildPhase section */
		927DADBC2A4F446200A469A3 /* Sources */ = {
			isa = PBXSourcesBuildPhase;
			buildActionMask = 2147483647;
			files = (
				874AA8452A69A03D003A7EA1 /* UIImageView+Extensions.swift in Sources */,
				874AA8592A6A84BC003A7EA1 /* Character+CoreDataClass.swift in Sources */,
				927DADC82A4F446200A469A3 /* ViewController.swift in Sources */,
				927DADE42A50893000A469A3 /* ModalViewController.swift in Sources */,
				874AA84A2A6A799E003A7EA1 /* PersistentContainer.swift in Sources */,
				927DADC42A4F446200A469A3 /* AppDelegate.swift in Sources */,
				927DADC62A4F446200A469A3 /* SceneDelegate.swift in Sources */,
				874AA83F2A6993C1003A7EA1 /* NetworkManager.swift in Sources */,
				874AA85A2A6A84BC003A7EA1 /* Character+CoreDataProperties.swift in Sources */,
				927DADE22A50615A00A469A3 /* CharacterTableViewCell.swift in Sources */,
				874AA8482A6A77A4003A7EA1 /* Model.xcdatamodeld in Sources */,
				874AA83D2A6991E4003A7EA1 /* APITarget.swift in Sources */,
				874AA8422A69950F003A7EA1 /* CharactersResponseModel.swift in Sources */,
			);
			runOnlyForDeploymentPostprocessing = 0;
		};
/* End PBXSourcesBuildPhase section */

/* Begin PBXVariantGroup section */
		927DADC92A4F446200A469A3 /* Main.storyboard */ = {
			isa = PBXVariantGroup;
			children = (
				927DADCA2A4F446200A469A3 /* Base */,
			);
			name = Main.storyboard;
			sourceTree = "<group>";
		};
		927DADCE2A4F446400A469A3 /* LaunchScreen.storyboard */ = {
			isa = PBXVariantGroup;
			children = (
				927DADCF2A4F446400A469A3 /* Base */,
			);
			name = LaunchScreen.storyboard;
			sourceTree = "<group>";
		};
/* End PBXVariantGroup section */

/* Begin XCBuildConfiguration section */
		927DADD22A4F446400A469A3 /* Debug */ = {
			isa = XCBuildConfiguration;
			buildSettings = {
				ALWAYS_SEARCH_USER_PATHS = NO;
				CLANG_ANALYZER_NONNULL = YES;
				CLANG_ANALYZER_NUMBER_OBJECT_CONVERSION = YES_AGGRESSIVE;
				CLANG_CXX_LANGUAGE_STANDARD = "gnu++20";
				CLANG_ENABLE_MODULES = YES;
				CLANG_ENABLE_OBJC_ARC = YES;
				CLANG_ENABLE_OBJC_WEAK = YES;
				CLANG_WARN_BLOCK_CAPTURE_AUTORELEASING = YES;
				CLANG_WARN_BOOL_CONVERSION = YES;
				CLANG_WARN_COMMA = YES;
				CLANG_WARN_CONSTANT_CONVERSION = YES;
				CLANG_WARN_DEPRECATED_OBJC_IMPLEMENTATIONS = YES;
				CLANG_WARN_DIRECT_OBJC_ISA_USAGE = YES_ERROR;
				CLANG_WARN_DOCUMENTATION_COMMENTS = YES;
				CLANG_WARN_EMPTY_BODY = YES;
				CLANG_WARN_ENUM_CONVERSION = YES;
				CLANG_WARN_INFINITE_RECURSION = YES;
				CLANG_WARN_INT_CONVERSION = YES;
				CLANG_WARN_NON_LITERAL_NULL_CONVERSION = YES;
				CLANG_WARN_OBJC_IMPLICIT_RETAIN_SELF = YES;
				CLANG_WARN_OBJC_LITERAL_CONVERSION = YES;
				CLANG_WARN_OBJC_ROOT_CLASS = YES_ERROR;
				CLANG_WARN_QUOTED_INCLUDE_IN_FRAMEWORK_HEADER = YES;
				CLANG_WARN_RANGE_LOOP_ANALYSIS = YES;
				CLANG_WARN_STRICT_PROTOTYPES = YES;
				CLANG_WARN_SUSPICIOUS_MOVE = YES;
				CLANG_WARN_UNGUARDED_AVAILABILITY = YES_AGGRESSIVE;
				CLANG_WARN_UNREACHABLE_CODE = YES;
				CLANG_WARN__DUPLICATE_METHOD_MATCH = YES;
				COPY_PHASE_STRIP = NO;
				DEBUG_INFORMATION_FORMAT = dwarf;
				ENABLE_STRICT_OBJC_MSGSEND = YES;
				ENABLE_TESTABILITY = YES;
				GCC_C_LANGUAGE_STANDARD = gnu11;
				GCC_DYNAMIC_NO_PIC = NO;
				GCC_NO_COMMON_BLOCKS = YES;
				GCC_OPTIMIZATION_LEVEL = 0;
				GCC_PREPROCESSOR_DEFINITIONS = (
					"DEBUG=1",
					"$(inherited)",
				);
				GCC_WARN_64_TO_32_BIT_CONVERSION = YES;
				GCC_WARN_ABOUT_RETURN_TYPE = YES_ERROR;
				GCC_WARN_UNDECLARED_SELECTOR = YES;
				GCC_WARN_UNINITIALIZED_AUTOS = YES_AGGRESSIVE;
				GCC_WARN_UNUSED_FUNCTION = YES;
				GCC_WARN_UNUSED_VARIABLE = YES;
				IPHONEOS_DEPLOYMENT_TARGET = 16.4;
				MTL_ENABLE_DEBUG_INFO = INCLUDE_SOURCE;
				MTL_FAST_MATH = YES;
				ONLY_ACTIVE_ARCH = YES;
				SDKROOT = iphoneos;
				SWIFT_ACTIVE_COMPILATION_CONDITIONS = DEBUG;
				SWIFT_OPTIMIZATION_LEVEL = "-Onone";
			};
			name = Debug;
		};
		927DADD32A4F446400A469A3 /* Release */ = {
			isa = XCBuildConfiguration;
			buildSettings = {
				ALWAYS_SEARCH_USER_PATHS = NO;
				CLANG_ANALYZER_NONNULL = YES;
				CLANG_ANALYZER_NUMBER_OBJECT_CONVERSION = YES_AGGRESSIVE;
				CLANG_CXX_LANGUAGE_STANDARD = "gnu++20";
				CLANG_ENABLE_MODULES = YES;
				CLANG_ENABLE_OBJC_ARC = YES;
				CLANG_ENABLE_OBJC_WEAK = YES;
				CLANG_WARN_BLOCK_CAPTURE_AUTORELEASING = YES;
				CLANG_WARN_BOOL_CONVERSION = YES;
				CLANG_WARN_COMMA = YES;
				CLANG_WARN_CONSTANT_CONVERSION = YES;
				CLANG_WARN_DEPRECATED_OBJC_IMPLEMENTATIONS = YES;
				CLANG_WARN_DIRECT_OBJC_ISA_USAGE = YES_ERROR;
				CLANG_WARN_DOCUMENTATION_COMMENTS = YES;
				CLANG_WARN_EMPTY_BODY = YES;
				CLANG_WARN_ENUM_CONVERSION = YES;
				CLANG_WARN_INFINITE_RECURSION = YES;
				CLANG_WARN_INT_CONVERSION = YES;
				CLANG_WARN_NON_LITERAL_NULL_CONVERSION = YES;
				CLANG_WARN_OBJC_IMPLICIT_RETAIN_SELF = YES;
				CLANG_WARN_OBJC_LITERAL_CONVERSION = YES;
				CLANG_WARN_OBJC_ROOT_CLASS = YES_ERROR;
				CLANG_WARN_QUOTED_INCLUDE_IN_FRAMEWORK_HEADER = YES;
				CLANG_WARN_RANGE_LOOP_ANALYSIS = YES;
				CLANG_WARN_STRICT_PROTOTYPES = YES;
				CLANG_WARN_SUSPICIOUS_MOVE = YES;
				CLANG_WARN_UNGUARDED_AVAILABILITY = YES_AGGRESSIVE;
				CLANG_WARN_UNREACHABLE_CODE = YES;
				CLANG_WARN__DUPLICATE_METHOD_MATCH = YES;
				COPY_PHASE_STRIP = NO;
				DEBUG_INFORMATION_FORMAT = "dwarf-with-dsym";
				ENABLE_NS_ASSERTIONS = NO;
				ENABLE_STRICT_OBJC_MSGSEND = YES;
				GCC_C_LANGUAGE_STANDARD = gnu11;
				GCC_NO_COMMON_BLOCKS = YES;
				GCC_WARN_64_TO_32_BIT_CONVERSION = YES;
				GCC_WARN_ABOUT_RETURN_TYPE = YES_ERROR;
				GCC_WARN_UNDECLARED_SELECTOR = YES;
				GCC_WARN_UNINITIALIZED_AUTOS = YES_AGGRESSIVE;
				GCC_WARN_UNUSED_FUNCTION = YES;
				GCC_WARN_UNUSED_VARIABLE = YES;
				IPHONEOS_DEPLOYMENT_TARGET = 16.4;
				MTL_ENABLE_DEBUG_INFO = NO;
				MTL_FAST_MATH = YES;
				SDKROOT = iphoneos;
				SWIFT_COMPILATION_MODE = wholemodule;
				SWIFT_OPTIMIZATION_LEVEL = "-O";
				VALIDATE_PRODUCT = YES;
			};
			name = Release;
		};
		927DADD52A4F446400A469A3 /* Debug */ = {
			isa = XCBuildConfiguration;
			baseConfigurationReference = 1BD425B1BFCF98B8B7F61EC5 /* Pods-Lab4.debug.xcconfig */;
			buildSettings = {
				ASSETCATALOG_COMPILER_APPICON_NAME = AppIcon;
				ASSETCATALOG_COMPILER_GLOBAL_ACCENT_COLOR_NAME = AccentColor;
				CODE_SIGN_STYLE = Automatic;
				CURRENT_PROJECT_VERSION = 1;
				GENERATE_INFOPLIST_FILE = YES;
				INFOPLIST_FILE = Ankudinova_Shibkova/Info.plist;
				INFOPLIST_KEY_UIApplicationSupportsIndirectInputEvents = YES;
				INFOPLIST_KEY_UILaunchStoryboardName = LaunchScreen;
				INFOPLIST_KEY_UIMainStoryboardFile = Main;
				INFOPLIST_KEY_UISupportedInterfaceOrientations_iPad = "UIInterfaceOrientationPortrait UIInterfaceOrientationPortraitUpsideDown UIInterfaceOrientationLandscapeLeft UIInterfaceOrientationLandscapeRight";
				INFOPLIST_KEY_UISupportedInterfaceOrientations_iPhone = "UIInterfaceOrientationPortrait UIInterfaceOrientationLandscapeLeft UIInterfaceOrientationLandscapeRight";
				LD_RUNPATH_SEARCH_PATHS = (
					"$(inherited)",
					"@executable_path/Frameworks",
				);
				MARKETING_VERSION = 1.0;
				PRODUCT_BUNDLE_IDENTIFIER = Ankudinova_Shibkova;
				PRODUCT_NAME = "$(TARGET_NAME)";
				SWIFT_EMIT_LOC_STRINGS = YES;
				SWIFT_VERSION = 5.0;
				TARGETED_DEVICE_FAMILY = "1,2";
			};
			name = Debug;
		};
		927DADD62A4F446400A469A3 /* Release */ = {
			isa = XCBuildConfiguration;
			baseConfigurationReference = 02A6AFA0033CF4E20552AE2C /* Pods-Lab4.release.xcconfig */;
			buildSettings = {
				ASSETCATALOG_COMPILER_APPICON_NAME = AppIcon;
				ASSETCATALOG_COMPILER_GLOBAL_ACCENT_COLOR_NAME = AccentColor;
				CODE_SIGN_STYLE = Automatic;
				CURRENT_PROJECT_VERSION = 1;
				GENERATE_INFOPLIST_FILE = YES;
				INFOPLIST_FILE = Ankudinova_Shibkova/Info.plist;
				INFOPLIST_KEY_UIApplicationSupportsIndirectInputEvents = YES;
				INFOPLIST_KEY_UILaunchStoryboardName = LaunchScreen;
				INFOPLIST_KEY_UIMainStoryboardFile = Main;
				INFOPLIST_KEY_UISupportedInterfaceOrientations_iPad = "UIInterfaceOrientationPortrait UIInterfaceOrientationPortraitUpsideDown UIInterfaceOrientationLandscapeLeft UIInterfaceOrientationLandscapeRight";
				INFOPLIST_KEY_UISupportedInterfaceOrientations_iPhone = "UIInterfaceOrientationPortrait UIInterfaceOrientationLandscapeLeft UIInterfaceOrientationLandscapeRight";
				LD_RUNPATH_SEARCH_PATHS = (
					"$(inherited)",
					"@executable_path/Frameworks",
				);
				MARKETING_VERSION = 1.0;
				PRODUCT_BUNDLE_IDENTIFIER = Ankudinova_Shibkova;
				PRODUCT_NAME = "$(TARGET_NAME)";
				SWIFT_EMIT_LOC_STRINGS = YES;
				SWIFT_VERSION = 5.0;
				TARGETED_DEVICE_FAMILY = "1,2";
			};
			name = Release;
		};
/* End XCBuildConfiguration section */

/* Begin XCConfigurationList section */
		927DADBB2A4F446200A469A3 /* Build configuration list for PBXProject "Ankudinova_Shibkova" */ = {
			isa = XCConfigurationList;
			buildConfigurations = (
				927DADD22A4F446400A469A3 /* Debug */,
				927DADD32A4F446400A469A3 /* Release */,
			);
			defaultConfigurationIsVisible = 0;
			defaultConfigurationName = Release;
		};
		927DADD42A4F446400A469A3 /* Build configuration list for PBXNativeTarget "Ankudinova_Shibkova" */ = {
			isa = XCConfigurationList;
			buildConfigurations = (
				927DADD52A4F446400A469A3 /* Debug */,
				927DADD62A4F446400A469A3 /* Release */,
			);
			defaultConfigurationIsVisible = 0;
			defaultConfigurationName = Release;
		};
/* End XCConfigurationList section */

/* Begin XCVersionGroup section */
		874AA8462A6A77A4003A7EA1 /* Model.xcdatamodeld */ = {
			isa = XCVersionGroup;
			children = (
				874AA8472A6A77A4003A7EA1 /* Model.xcdatamodel */,
			);
			currentVersion = 874AA8472A6A77A4003A7EA1 /* Model.xcdatamodel */;
			path = Model.xcdatamodeld;
			sourceTree = "<group>";
			versionGroupType = wrapper.xcdatamodel;
		};
/* End XCVersionGroup section */
	};
	rootObject = 927DADB82A4F446200A469A3 /* Project object */;
}
